// !$*UTF8*$!
{
	archiveVersion = 1;
	classes = {
	};
	objectVersion = 50;
	objects = {

/* Begin PBXBuildFile section */
		0B3CCBF126EA933D0066BB44 /* ChatView.swift in Sources */ = {isa = PBXBuildFile; fileRef = 0B3CCBF026EA933D0066BB44 /* ChatView.swift */; };
		0B9F5BC826EBCF1F0098E43B /* ChatAwnsersView.swift in Sources */ = {isa = PBXBuildFile; fileRef = 0B9F5BC726EBCF1F0098E43B /* ChatAwnsersView.swift */; };
		0B9F5BCD26EBE4220098E43B /* ChatQuestionView.swift in Sources */ = {isa = PBXBuildFile; fileRef = 0B9F5BCC26EBE4220098E43B /* ChatQuestionView.swift */; };
		0BC5EC4726EFE07500309850 /* ContentFeminismView.swift in Sources */ = {isa = PBXBuildFile; fileRef = 0BC5EC4626EFE07500309850 /* ContentFeminismView.swift */; };
		0BD6837326F2584F0062834E /* ContentBodyPositiveView.swift in Sources */ = {isa = PBXBuildFile; fileRef = 0BD6837226F2584F0062834E /* ContentBodyPositiveView.swift */; };
		0BDE7C7926EFCAAA0023A4B5 /* ForwardButtonView.swift in Sources */ = {isa = PBXBuildFile; fileRef = 0BDE7C7826EFCAAA0023A4B5 /* ForwardButtonView.swift */; };
		41105E6226EA9A970037BACB /* JourneyInputView.swift in Sources */ = {isa = PBXBuildFile; fileRef = 41105E6126EA9A970037BACB /* JourneyInputView.swift */; };
		41105E6426EA9B790037BACB /* WallView.swift in Sources */ = {isa = PBXBuildFile; fileRef = 41105E6326EA9B790037BACB /* WallView.swift */; };
		41105E6626EBCE430037BACB /* LeftStickerCell.swift in Sources */ = {isa = PBXBuildFile; fileRef = 41105E6526EBCE420037BACB /* LeftStickerCell.swift */; };
		41105E6926EBCEE80037BACB /* StickerCell.swift in Sources */ = {isa = PBXBuildFile; fileRef = 41105E6826EBCEE80037BACB /* StickerCell.swift */; };
		4146A40926E721360013A8A9 /* HomeView.swift in Sources */ = {isa = PBXBuildFile; fileRef = 4146A40826E721360013A8A9 /* HomeView.swift */; };
		4146A40C26E722920013A8A9 /* StoryCellView.swift in Sources */ = {isa = PBXBuildFile; fileRef = 4146A40B26E722920013A8A9 /* StoryCellView.swift */; };
		418D171A26F11C8F00276CB6 /* Recents.swift in Sources */ = {isa = PBXBuildFile; fileRef = 418D171926F11C8F00276CB6 /* Recents.swift */; };
		418D171C26F1257900276CB6 /* Yours.swift in Sources */ = {isa = PBXBuildFile; fileRef = 418D171B26F1257900276CB6 /* Yours.swift */; };
		418D171E26F125B400276CB6 /* Yays.swift in Sources */ = {isa = PBXBuildFile; fileRef = 418D171D26F125B400276CB6 /* Yays.swift */; };
		418D172026F1370700276CB6 /* InputRow.swift in Sources */ = {isa = PBXBuildFile; fileRef = 418D171F26F1370700276CB6 /* InputRow.swift */; };
		56E9234826EA8F5E0043C0CC /* Story01View.swift in Sources */ = {isa = PBXBuildFile; fileRef = 56E9234726EA8F5E0043C0CC /* Story01View.swift */; };
		56E9234B26EB8B1D0043C0CC /* Story01_2View.swift in Sources */ = {isa = PBXBuildFile; fileRef = 56E9234A26EB8B1D0043C0CC /* Story01_2View.swift */; };
		56E9234D26EBCF660043C0CC /* Story01_3View.swift in Sources */ = {isa = PBXBuildFile; fileRef = 56E9234C26EBCF660043C0CC /* Story01_3View.swift */; };
		56E9235126EFBF7B0043C0CC /* ExitButtonView.swift in Sources */ = {isa = PBXBuildFile; fileRef = 56E9235026EFBF7B0043C0CC /* ExitButtonView.swift */; };
		9310512126F12E5100AD89E0 /* FavoriteView.swift in Sources */ = {isa = PBXBuildFile; fileRef = 9310512026F12E5100AD89E0 /* FavoriteView.swift */; };
		9310512526F137F100AD89E0 /* YaysConteudoView.swift in Sources */ = {isa = PBXBuildFile; fileRef = 9310512426F137F100AD89E0 /* YaysConteudoView.swift */; };
		9396ABB326EBCC0100075635 /* ConteudoVoltarView.swift in Sources */ = {isa = PBXBuildFile; fileRef = 9396ABB226EBCC0100075635 /* ConteudoVoltarView.swift */; };
		9396ABB926EBCE1400075635 /* ChallengeTextView.swift in Sources */ = {isa = PBXBuildFile; fileRef = 9396ABB826EBCE1400075635 /* ChallengeTextView.swift */; };
		9396ABBB26EBCE5C00075635 /* BlackButtonView.swift in Sources */ = {isa = PBXBuildFile; fileRef = 9396ABBA26EBCE5C00075635 /* BlackButtonView.swift */; };
		9396ABBD26EBCFB000075635 /* TextFieldView.swift in Sources */ = {isa = PBXBuildFile; fileRef = 9396ABBC26EBCFB000075635 /* TextFieldView.swift */; };
		93CD333626F28CED00FB86D0 /* ElipseQuizView.swift in Sources */ = {isa = PBXBuildFile; fileRef = 93CD333526F28CED00FB86D0 /* ElipseQuizView.swift */; };
		93CD333826F28F7C00FB86D0 /* HalfElipseQuizView.swift in Sources */ = {isa = PBXBuildFile; fileRef = 93CD333726F28F7C00FB86D0 /* HalfElipseQuizView.swift */; };
		93F0033B26EFC5FF00E5553B /* ChallengeView.swift in Sources */ = {isa = PBXBuildFile; fileRef = 93F0033A26EFC5FF00E5553B /* ChallengeView.swift */; };
		93F46C9526F273D400F3D15B /* QuizView.swift in Sources */ = {isa = PBXBuildFile; fileRef = 93F46C9426F273D400F3D15B /* QuizView.swift */; };
		E524787B26F3A2B700EBBFB6 /* ChallengeModel.swift in Sources */ = {isa = PBXBuildFile; fileRef = E524787A26F3A2B700EBBFB6 /* ChallengeModel.swift */; };
		E524787D26F3A32600EBBFB6 /* BlogModel.swift in Sources */ = {isa = PBXBuildFile; fileRef = E524787C26F3A32600EBBFB6 /* BlogModel.swift */; };
		E524787F26F3A39000EBBFB6 /* QuizModel.swift in Sources */ = {isa = PBXBuildFile; fileRef = E524787E26F3A39000EBBFB6 /* QuizModel.swift */; };
		E524788126F3A3C800EBBFB6 /* DynamicResultModel.swift in Sources */ = {isa = PBXBuildFile; fileRef = E524788026F3A3C800EBBFB6 /* DynamicResultModel.swift */; };
		E524788326F3A75700EBBFB6 /* StoryModel.swift in Sources */ = {isa = PBXBuildFile; fileRef = E524788226F3A75700EBBFB6 /* StoryModel.swift */; };
		E524788526F3A93000EBBFB6 /* ChallengeViewModel.swift in Sources */ = {isa = PBXBuildFile; fileRef = E524788426F3A93000EBBFB6 /* ChallengeViewModel.swift */; };
		E524788726F3A95300EBBFB6 /* BlogViewModel.swift in Sources */ = {isa = PBXBuildFile; fileRef = E524788626F3A95300EBBFB6 /* BlogViewModel.swift */; };
		E524788926F3A95E00EBBFB6 /* QuizViewModel.swift in Sources */ = {isa = PBXBuildFile; fileRef = E524788826F3A95E00EBBFB6 /* QuizViewModel.swift */; };
		E524788B26F3A96C00EBBFB6 /* DynamicResultViewModel.swift in Sources */ = {isa = PBXBuildFile; fileRef = E524788A26F3A96C00EBBFB6 /* DynamicResultViewModel.swift */; };
		E524788D26F3A97700EBBFB6 /* StoryViewModel.swift in Sources */ = {isa = PBXBuildFile; fileRef = E524788C26F3A97700EBBFB6 /* StoryViewModel.swift */; };
		E524788F26F3C34400EBBFB6 /* ContentColorEnum.swift in Sources */ = {isa = PBXBuildFile; fileRef = E524788E26F3C34400EBBFB6 /* ContentColorEnum.swift */; };
		E524789126F3CFEC00EBBFB6 /* BottomProgressionSquareView.swift in Sources */ = {isa = PBXBuildFile; fileRef = E524789026F3CFEC00EBBFB6 /* BottomProgressionSquareView.swift */; };
		E52F84FF26E7C77700F7C8A7 /* AppleLoginButtonView.swift in Sources */ = {isa = PBXBuildFile; fileRef = E52F84FE26E7C77700F7C8A7 /* AppleLoginButtonView.swift */; };
		E52F850126E7D0F400F7C8A7 /* OnBoarding02View.swift in Sources */ = {isa = PBXBuildFile; fileRef = E52F850026E7D0F400F7C8A7 /* OnBoarding02View.swift */; };
		E52F850426E7D18000F7C8A7 /* NextRoundedButtonView.swift in Sources */ = {isa = PBXBuildFile; fileRef = E52F850326E7D18000F7C8A7 /* NextRoundedButtonView.swift */; };
		E52F850726E7D56800F7C8A7 /* SquaresAndLogoView.swift in Sources */ = {isa = PBXBuildFile; fileRef = E52F850626E7D56800F7C8A7 /* SquaresAndLogoView.swift */; };
		E52F850926E7D7BC00F7C8A7 /* ProgressionSquareView.swift in Sources */ = {isa = PBXBuildFile; fileRef = E52F850826E7D7BC00F7C8A7 /* ProgressionSquareView.swift */; };
		E53BDDAC26F5766D007A4F1D /* QuizQuestionView.swift in Sources */ = {isa = PBXBuildFile; fileRef = E53BDDAB26F5766D007A4F1D /* QuizQuestionView.swift */; };
		E543657F26E95663005339A7 /* JourneyViewModel.swift in Sources */ = {isa = PBXBuildFile; fileRef = E543657E26E95663005339A7 /* JourneyViewModel.swift */; };
		E543658126E956D1005339A7 /* UrlConfigEnum.swift in Sources */ = {isa = PBXBuildFile; fileRef = E543658026E956D1005339A7 /* UrlConfigEnum.swift */; };
		E543658326E957D5005339A7 /* JourneyModel.swift in Sources */ = {isa = PBXBuildFile; fileRef = E543658226E957D5005339A7 /* JourneyModel.swift */; };
		E54DFEA226DFF808004DAC6D /* onnaApp.swift in Sources */ = {isa = PBXBuildFile; fileRef = E54DFEA126DFF808004DAC6D /* onnaApp.swift */; };
		E54DFEA426DFF808004DAC6D /* OnBoarding01View.swift in Sources */ = {isa = PBXBuildFile; fileRef = E54DFEA326DFF808004DAC6D /* OnBoarding01View.swift */; };
		E54DFEA626DFF80A004DAC6D /* Assets.xcassets in Resources */ = {isa = PBXBuildFile; fileRef = E54DFEA526DFF80A004DAC6D /* Assets.xcassets */; };
		E54DFEA926DFF80A004DAC6D /* Preview Assets.xcassets in Resources */ = {isa = PBXBuildFile; fileRef = E54DFEA826DFF80A004DAC6D /* Preview Assets.xcassets */; };
		E54DFEB326DFF838004DAC6D /* CloudKit.framework in Frameworks */ = {isa = PBXBuildFile; fileRef = E54DFEB226DFF838004DAC6D /* CloudKit.framework */; };
		E552EA8B26E7E2BC00035C4B /* TextFieldWithButtonView.swift in Sources */ = {isa = PBXBuildFile; fileRef = E552EA8A26E7E2BC00035C4B /* TextFieldWithButtonView.swift */; };
		E552EA8D26E7F32100035C4B /* OnBoarding03View.swift in Sources */ = {isa = PBXBuildFile; fileRef = E552EA8C26E7F32100035C4B /* OnBoarding03View.swift */; };
		E552EA8F26E8011600035C4B /* UserDefaultsKeysEnum.swift in Sources */ = {isa = PBXBuildFile; fileRef = E552EA8E26E8011600035C4B /* UserDefaultsKeysEnum.swift */; };
		E552EA9126E808C200035C4B /* OnBoarding04View.swift in Sources */ = {isa = PBXBuildFile; fileRef = E552EA9026E808C200035C4B /* OnBoarding04View.swift */; };
		E552EA9326E80AF000035C4B /* OnBoarding05View.swift in Sources */ = {isa = PBXBuildFile; fileRef = E552EA9226E80AF000035C4B /* OnBoarding05View.swift */; };
		E552EA9626E8190000035C4B /* LoginView.swift in Sources */ = {isa = PBXBuildFile; fileRef = E552EA9526E8190000035C4B /* LoginView.swift */; };
		E552EA9926E82B0D00035C4B /* ViewRouter.swift in Sources */ = {isa = PBXBuildFile; fileRef = E552EA9826E82B0D00035C4B /* ViewRouter.swift */; };
		E552EA9B26E82B3500035C4B /* PageEnum.swift in Sources */ = {isa = PBXBuildFile; fileRef = E552EA9A26E82B3500035C4B /* PageEnum.swift */; };
		E552EA9E26E82BAA00035C4B /* NavigationView.swift in Sources */ = {isa = PBXBuildFile; fileRef = E552EA9D26E82BAA00035C4B /* NavigationView.swift */; };
		E56572A426F53D44004495F1 /* ContentTypeEnum.swift in Sources */ = {isa = PBXBuildFile; fileRef = E56572A326F53D44004495F1 /* ContentTypeEnum.swift */; };
		E565DB1A26F6325C000CEB9F /* QuizQuestionViewModel.swift in Sources */ = {isa = PBXBuildFile; fileRef = E565DB1926F6325C000CEB9F /* QuizQuestionViewModel.swift */; };
		E598B86526EFDBF4002C6976 /* NextRoundedButtonChat.swift in Sources */ = {isa = PBXBuildFile; fileRef = E598B86326EFDBF4002C6976 /* NextRoundedButtonChat.swift */; };
		E598B86626EFDBF4002C6976 /* TextFieldButtonChat.swift in Sources */ = {isa = PBXBuildFile; fileRef = E598B86426EFDBF4002C6976 /* TextFieldButtonChat.swift */; };
		E598B86826EFDCD7002C6976 /* UserViewModel.swift in Sources */ = {isa = PBXBuildFile; fileRef = E598B86726EFDCD7002C6976 /* UserViewModel.swift */; };
		E598B86A26EFE06A002C6976 /* UserModel.swift in Sources */ = {isa = PBXBuildFile; fileRef = E598B86926EFE06A002C6976 /* UserModel.swift */; };
		E5A2604D26E8E388003BADB4 /* ProfileView.swift in Sources */ = {isa = PBXBuildFile; fileRef = E5A2604C26E8E388003BADB4 /* ProfileView.swift */; };
		E5A2604F26E8E45E003BADB4 /* TimelineView.swift in Sources */ = {isa = PBXBuildFile; fileRef = E5A2604E26E8E45E003BADB4 /* TimelineView.swift */; };
		E5E5AA0F26E1454F003BFBED /* OnnaFontSystem.swift in Sources */ = {isa = PBXBuildFile; fileRef = E5E5AA0E26E1454F003BFBED /* OnnaFontSystem.swift */; };
		E5E5AA1226E1543F003BFBED /* bruno-regular.otf in Resources */ = {isa = PBXBuildFile; fileRef = E5E5AA1126E1541E003BFBED /* bruno-regular.otf */; };
		E5E5AA1526E16868003BFBED /* chivo-regular.ttf in Resources */ = {isa = PBXBuildFile; fileRef = E5E5AA1426E1685C003BFBED /* chivo-regular.ttf */; };
		E5E5AA1626E1686B003BFBED /* chivo-bold.ttf in Resources */ = {isa = PBXBuildFile; fileRef = E5E5AA1326E1685B003BFBED /* chivo-bold.ttf */; };
		E5F62CB826E1898F00EEA4D6 /* FontEnum.swift in Sources */ = {isa = PBXBuildFile; fileRef = E5F62CB726E1898F00EEA4D6 /* FontEnum.swift */; };
		E5F62CBA26E1899900EEA4D6 /* ColorExtension.swift in Sources */ = {isa = PBXBuildFile; fileRef = E5F62CB926E1899900EEA4D6 /* ColorExtension.swift */; };
/* End PBXBuildFile section */

/* Begin PBXFileReference section */
		0B3CCBF026EA933D0066BB44 /* ChatView.swift */ = {isa = PBXFileReference; lastKnownFileType = sourcecode.swift; path = ChatView.swift; sourceTree = "<group>"; };
		0B9F5BC726EBCF1F0098E43B /* ChatAwnsersView.swift */ = {isa = PBXFileReference; lastKnownFileType = sourcecode.swift; path = ChatAwnsersView.swift; sourceTree = "<group>"; };
		0B9F5BCC26EBE4220098E43B /* ChatQuestionView.swift */ = {isa = PBXFileReference; lastKnownFileType = sourcecode.swift; path = ChatQuestionView.swift; sourceTree = "<group>"; };
		0BC5EC4626EFE07500309850 /* ContentFeminismView.swift */ = {isa = PBXFileReference; lastKnownFileType = sourcecode.swift; path = ContentFeminismView.swift; sourceTree = "<group>"; };
		0BD6837226F2584F0062834E /* ContentBodyPositiveView.swift */ = {isa = PBXFileReference; lastKnownFileType = sourcecode.swift; path = ContentBodyPositiveView.swift; sourceTree = "<group>"; };
		0BDE7C7826EFCAAA0023A4B5 /* ForwardButtonView.swift */ = {isa = PBXFileReference; lastKnownFileType = sourcecode.swift; path = ForwardButtonView.swift; sourceTree = "<group>"; };
		41105E6126EA9A970037BACB /* JourneyInputView.swift */ = {isa = PBXFileReference; lastKnownFileType = sourcecode.swift; path = JourneyInputView.swift; sourceTree = "<group>"; };
		41105E6326EA9B790037BACB /* WallView.swift */ = {isa = PBXFileReference; lastKnownFileType = sourcecode.swift; path = WallView.swift; sourceTree = "<group>"; };
		41105E6526EBCE420037BACB /* LeftStickerCell.swift */ = {isa = PBXFileReference; lastKnownFileType = sourcecode.swift; path = LeftStickerCell.swift; sourceTree = "<group>"; };
		41105E6826EBCEE80037BACB /* StickerCell.swift */ = {isa = PBXFileReference; lastKnownFileType = sourcecode.swift; path = StickerCell.swift; sourceTree = "<group>"; };
		4146A40826E721360013A8A9 /* HomeView.swift */ = {isa = PBXFileReference; lastKnownFileType = sourcecode.swift; path = HomeView.swift; sourceTree = "<group>"; };
		4146A40B26E722920013A8A9 /* StoryCellView.swift */ = {isa = PBXFileReference; lastKnownFileType = sourcecode.swift; path = StoryCellView.swift; sourceTree = "<group>"; };
		418D171926F11C8F00276CB6 /* Recents.swift */ = {isa = PBXFileReference; lastKnownFileType = sourcecode.swift; path = Recents.swift; sourceTree = "<group>"; };
		418D171B26F1257900276CB6 /* Yours.swift */ = {isa = PBXFileReference; lastKnownFileType = sourcecode.swift; path = Yours.swift; sourceTree = "<group>"; };
		418D171D26F125B400276CB6 /* Yays.swift */ = {isa = PBXFileReference; lastKnownFileType = sourcecode.swift; path = Yays.swift; sourceTree = "<group>"; };
		418D171F26F1370700276CB6 /* InputRow.swift */ = {isa = PBXFileReference; lastKnownFileType = sourcecode.swift; path = InputRow.swift; sourceTree = "<group>"; };
		56E9234726EA8F5E0043C0CC /* Story01View.swift */ = {isa = PBXFileReference; lastKnownFileType = sourcecode.swift; path = Story01View.swift; sourceTree = "<group>"; };
		56E9234A26EB8B1D0043C0CC /* Story01_2View.swift */ = {isa = PBXFileReference; lastKnownFileType = sourcecode.swift; path = Story01_2View.swift; sourceTree = "<group>"; };
		56E9234C26EBCF660043C0CC /* Story01_3View.swift */ = {isa = PBXFileReference; lastKnownFileType = sourcecode.swift; path = Story01_3View.swift; sourceTree = "<group>"; };
		56E9235026EFBF7B0043C0CC /* ExitButtonView.swift */ = {isa = PBXFileReference; lastKnownFileType = sourcecode.swift; path = ExitButtonView.swift; sourceTree = "<group>"; };
		9310512026F12E5100AD89E0 /* FavoriteView.swift */ = {isa = PBXFileReference; lastKnownFileType = sourcecode.swift; path = FavoriteView.swift; sourceTree = "<group>"; };
		9310512426F137F100AD89E0 /* YaysConteudoView.swift */ = {isa = PBXFileReference; lastKnownFileType = sourcecode.swift; path = YaysConteudoView.swift; sourceTree = "<group>"; };
		9396ABB226EBCC0100075635 /* ConteudoVoltarView.swift */ = {isa = PBXFileReference; lastKnownFileType = sourcecode.swift; path = ConteudoVoltarView.swift; sourceTree = "<group>"; };
		9396ABB826EBCE1400075635 /* ChallengeTextView.swift */ = {isa = PBXFileReference; lastKnownFileType = sourcecode.swift; path = ChallengeTextView.swift; sourceTree = "<group>"; };
		9396ABBA26EBCE5C00075635 /* BlackButtonView.swift */ = {isa = PBXFileReference; lastKnownFileType = sourcecode.swift; path = BlackButtonView.swift; sourceTree = "<group>"; };
		9396ABBC26EBCFB000075635 /* TextFieldView.swift */ = {isa = PBXFileReference; lastKnownFileType = sourcecode.swift; path = TextFieldView.swift; sourceTree = "<group>"; };
		93CD333526F28CED00FB86D0 /* ElipseQuizView.swift */ = {isa = PBXFileReference; lastKnownFileType = sourcecode.swift; path = ElipseQuizView.swift; sourceTree = "<group>"; };
		93CD333726F28F7C00FB86D0 /* HalfElipseQuizView.swift */ = {isa = PBXFileReference; lastKnownFileType = sourcecode.swift; path = HalfElipseQuizView.swift; sourceTree = "<group>"; };
		93F0033A26EFC5FF00E5553B /* ChallengeView.swift */ = {isa = PBXFileReference; lastKnownFileType = sourcecode.swift; path = ChallengeView.swift; sourceTree = "<group>"; };
		93F46C9426F273D400F3D15B /* QuizView.swift */ = {isa = PBXFileReference; lastKnownFileType = sourcecode.swift; path = QuizView.swift; sourceTree = "<group>"; };
		E524787A26F3A2B700EBBFB6 /* ChallengeModel.swift */ = {isa = PBXFileReference; lastKnownFileType = sourcecode.swift; path = ChallengeModel.swift; sourceTree = "<group>"; };
		E524787C26F3A32600EBBFB6 /* BlogModel.swift */ = {isa = PBXFileReference; lastKnownFileType = sourcecode.swift; path = BlogModel.swift; sourceTree = "<group>"; };
		E524787E26F3A39000EBBFB6 /* QuizModel.swift */ = {isa = PBXFileReference; lastKnownFileType = sourcecode.swift; path = QuizModel.swift; sourceTree = "<group>"; };
		E524788026F3A3C800EBBFB6 /* DynamicResultModel.swift */ = {isa = PBXFileReference; lastKnownFileType = sourcecode.swift; path = DynamicResultModel.swift; sourceTree = "<group>"; };
		E524788226F3A75700EBBFB6 /* StoryModel.swift */ = {isa = PBXFileReference; lastKnownFileType = sourcecode.swift; path = StoryModel.swift; sourceTree = "<group>"; };
		E524788426F3A93000EBBFB6 /* ChallengeViewModel.swift */ = {isa = PBXFileReference; lastKnownFileType = sourcecode.swift; path = ChallengeViewModel.swift; sourceTree = "<group>"; };
		E524788626F3A95300EBBFB6 /* BlogViewModel.swift */ = {isa = PBXFileReference; lastKnownFileType = sourcecode.swift; path = BlogViewModel.swift; sourceTree = "<group>"; };
		E524788826F3A95E00EBBFB6 /* QuizViewModel.swift */ = {isa = PBXFileReference; lastKnownFileType = sourcecode.swift; path = QuizViewModel.swift; sourceTree = "<group>"; };
		E524788A26F3A96C00EBBFB6 /* DynamicResultViewModel.swift */ = {isa = PBXFileReference; lastKnownFileType = sourcecode.swift; path = DynamicResultViewModel.swift; sourceTree = "<group>"; };
		E524788C26F3A97700EBBFB6 /* StoryViewModel.swift */ = {isa = PBXFileReference; lastKnownFileType = sourcecode.swift; path = StoryViewModel.swift; sourceTree = "<group>"; };
		E524788E26F3C34400EBBFB6 /* ContentColorEnum.swift */ = {isa = PBXFileReference; lastKnownFileType = sourcecode.swift; path = ContentColorEnum.swift; sourceTree = "<group>"; };
		E524789026F3CFEC00EBBFB6 /* BottomProgressionSquareView.swift */ = {isa = PBXFileReference; lastKnownFileType = sourcecode.swift; path = BottomProgressionSquareView.swift; sourceTree = "<group>"; };
		E52F84FE26E7C77700F7C8A7 /* AppleLoginButtonView.swift */ = {isa = PBXFileReference; lastKnownFileType = sourcecode.swift; path = AppleLoginButtonView.swift; sourceTree = "<group>"; };
		E52F850026E7D0F400F7C8A7 /* OnBoarding02View.swift */ = {isa = PBXFileReference; lastKnownFileType = sourcecode.swift; path = OnBoarding02View.swift; sourceTree = "<group>"; };
		E52F850326E7D18000F7C8A7 /* NextRoundedButtonView.swift */ = {isa = PBXFileReference; lastKnownFileType = sourcecode.swift; path = NextRoundedButtonView.swift; sourceTree = "<group>"; };
		E52F850626E7D56800F7C8A7 /* SquaresAndLogoView.swift */ = {isa = PBXFileReference; lastKnownFileType = sourcecode.swift; path = SquaresAndLogoView.swift; sourceTree = "<group>"; };
		E52F850826E7D7BC00F7C8A7 /* ProgressionSquareView.swift */ = {isa = PBXFileReference; lastKnownFileType = sourcecode.swift; path = ProgressionSquareView.swift; sourceTree = "<group>"; };
		E53BDDAB26F5766D007A4F1D /* QuizQuestionView.swift */ = {isa = PBXFileReference; fileEncoding = 4; lastKnownFileType = sourcecode.swift; path = QuizQuestionView.swift; sourceTree = "<group>"; };
		E543657E26E95663005339A7 /* JourneyViewModel.swift */ = {isa = PBXFileReference; lastKnownFileType = sourcecode.swift; path = JourneyViewModel.swift; sourceTree = "<group>"; };
		E543658026E956D1005339A7 /* UrlConfigEnum.swift */ = {isa = PBXFileReference; lastKnownFileType = sourcecode.swift; path = UrlConfigEnum.swift; sourceTree = "<group>"; };
		E543658226E957D5005339A7 /* JourneyModel.swift */ = {isa = PBXFileReference; lastKnownFileType = sourcecode.swift; path = JourneyModel.swift; sourceTree = "<group>"; };
		E54DFE9E26DFF808004DAC6D /* onna.app */ = {isa = PBXFileReference; explicitFileType = wrapper.application; includeInIndex = 0; path = onna.app; sourceTree = BUILT_PRODUCTS_DIR; };
		E54DFEA126DFF808004DAC6D /* onnaApp.swift */ = {isa = PBXFileReference; lastKnownFileType = sourcecode.swift; path = onnaApp.swift; sourceTree = "<group>"; };
		E54DFEA326DFF808004DAC6D /* OnBoarding01View.swift */ = {isa = PBXFileReference; lastKnownFileType = sourcecode.swift; path = OnBoarding01View.swift; sourceTree = "<group>"; };
		E54DFEA526DFF80A004DAC6D /* Assets.xcassets */ = {isa = PBXFileReference; lastKnownFileType = folder.assetcatalog; path = Assets.xcassets; sourceTree = "<group>"; };
		E54DFEA826DFF80A004DAC6D /* Preview Assets.xcassets */ = {isa = PBXFileReference; lastKnownFileType = folder.assetcatalog; path = "Preview Assets.xcassets"; sourceTree = "<group>"; };
		E54DFEAA26DFF80A004DAC6D /* Info.plist */ = {isa = PBXFileReference; lastKnownFileType = text.plist.xml; path = Info.plist; sourceTree = "<group>"; };
		E54DFEB026DFF834004DAC6D /* onna.entitlements */ = {isa = PBXFileReference; lastKnownFileType = text.plist.entitlements; path = onna.entitlements; sourceTree = "<group>"; };
		E54DFEB226DFF838004DAC6D /* CloudKit.framework */ = {isa = PBXFileReference; lastKnownFileType = wrapper.framework; name = CloudKit.framework; path = System/Library/Frameworks/CloudKit.framework; sourceTree = SDKROOT; };
		E552EA8A26E7E2BC00035C4B /* TextFieldWithButtonView.swift */ = {isa = PBXFileReference; lastKnownFileType = sourcecode.swift; path = TextFieldWithButtonView.swift; sourceTree = "<group>"; };
		E552EA8C26E7F32100035C4B /* OnBoarding03View.swift */ = {isa = PBXFileReference; lastKnownFileType = sourcecode.swift; path = OnBoarding03View.swift; sourceTree = "<group>"; };
		E552EA8E26E8011600035C4B /* UserDefaultsKeysEnum.swift */ = {isa = PBXFileReference; lastKnownFileType = sourcecode.swift; path = UserDefaultsKeysEnum.swift; sourceTree = "<group>"; };
		E552EA9026E808C200035C4B /* OnBoarding04View.swift */ = {isa = PBXFileReference; lastKnownFileType = sourcecode.swift; path = OnBoarding04View.swift; sourceTree = "<group>"; };
		E552EA9226E80AF000035C4B /* OnBoarding05View.swift */ = {isa = PBXFileReference; lastKnownFileType = sourcecode.swift; path = OnBoarding05View.swift; sourceTree = "<group>"; };
		E552EA9526E8190000035C4B /* LoginView.swift */ = {isa = PBXFileReference; lastKnownFileType = sourcecode.swift; path = LoginView.swift; sourceTree = "<group>"; };
		E552EA9826E82B0D00035C4B /* ViewRouter.swift */ = {isa = PBXFileReference; lastKnownFileType = sourcecode.swift; path = ViewRouter.swift; sourceTree = "<group>"; };
		E552EA9A26E82B3500035C4B /* PageEnum.swift */ = {isa = PBXFileReference; lastKnownFileType = sourcecode.swift; path = PageEnum.swift; sourceTree = "<group>"; };
		E552EA9D26E82BAA00035C4B /* NavigationView.swift */ = {isa = PBXFileReference; lastKnownFileType = sourcecode.swift; path = NavigationView.swift; sourceTree = "<group>"; };
		E56572A326F53D44004495F1 /* ContentTypeEnum.swift */ = {isa = PBXFileReference; lastKnownFileType = sourcecode.swift; path = ContentTypeEnum.swift; sourceTree = "<group>"; };
		E565DB1926F6325C000CEB9F /* QuizQuestionViewModel.swift */ = {isa = PBXFileReference; lastKnownFileType = sourcecode.swift; path = QuizQuestionViewModel.swift; sourceTree = "<group>"; };
		E598B86326EFDBF4002C6976 /* NextRoundedButtonChat.swift */ = {isa = PBXFileReference; fileEncoding = 4; lastKnownFileType = sourcecode.swift; path = NextRoundedButtonChat.swift; sourceTree = "<group>"; };
		E598B86426EFDBF4002C6976 /* TextFieldButtonChat.swift */ = {isa = PBXFileReference; fileEncoding = 4; lastKnownFileType = sourcecode.swift; path = TextFieldButtonChat.swift; sourceTree = "<group>"; };
		E598B86726EFDCD7002C6976 /* UserViewModel.swift */ = {isa = PBXFileReference; lastKnownFileType = sourcecode.swift; path = UserViewModel.swift; sourceTree = "<group>"; };
		E598B86926EFE06A002C6976 /* UserModel.swift */ = {isa = PBXFileReference; lastKnownFileType = sourcecode.swift; path = UserModel.swift; sourceTree = "<group>"; };
		E5A2604C26E8E388003BADB4 /* ProfileView.swift */ = {isa = PBXFileReference; lastKnownFileType = sourcecode.swift; path = ProfileView.swift; sourceTree = "<group>"; };
		E5A2604E26E8E45E003BADB4 /* TimelineView.swift */ = {isa = PBXFileReference; lastKnownFileType = sourcecode.swift; path = TimelineView.swift; sourceTree = "<group>"; };
		E5E5AA0E26E1454F003BFBED /* OnnaFontSystem.swift */ = {isa = PBXFileReference; lastKnownFileType = sourcecode.swift; path = OnnaFontSystem.swift; sourceTree = "<group>"; };
		E5E5AA1126E1541E003BFBED /* bruno-regular.otf */ = {isa = PBXFileReference; lastKnownFileType = file; path = "bruno-regular.otf"; sourceTree = "<group>"; };
		E5E5AA1326E1685B003BFBED /* chivo-bold.ttf */ = {isa = PBXFileReference; lastKnownFileType = file; path = "chivo-bold.ttf"; sourceTree = "<group>"; };
		E5E5AA1426E1685C003BFBED /* chivo-regular.ttf */ = {isa = PBXFileReference; lastKnownFileType = file; path = "chivo-regular.ttf"; sourceTree = "<group>"; };
		E5F62CB726E1898F00EEA4D6 /* FontEnum.swift */ = {isa = PBXFileReference; lastKnownFileType = sourcecode.swift; path = FontEnum.swift; sourceTree = "<group>"; };
		E5F62CB926E1899900EEA4D6 /* ColorExtension.swift */ = {isa = PBXFileReference; lastKnownFileType = sourcecode.swift; path = ColorExtension.swift; sourceTree = "<group>"; };
/* End PBXFileReference section */

/* Begin PBXFrameworksBuildPhase section */
		E54DFE9B26DFF808004DAC6D /* Frameworks */ = {
			isa = PBXFrameworksBuildPhase;
			buildActionMask = 2147483647;
			files = (
				E54DFEB326DFF838004DAC6D /* CloudKit.framework in Frameworks */,
			);
			runOnlyForDeploymentPostprocessing = 0;
		};
/* End PBXFrameworksBuildPhase section */

/* Begin PBXGroup section */
		0B3CCBE926EA92BB0066BB44 /* Chat */ = {
			isa = PBXGroup;
			children = (
				0B9F5BC626EBCEAF0098E43B /* Components Chat */,
				0B3CCBF026EA933D0066BB44 /* ChatView.swift */,
			);
			path = Chat;
			sourceTree = "<group>";
		};
		0B93583726EFDB1F00E41246 /* Content */ = {
			isa = PBXGroup;
			children = (
				0BC5EC4626EFE07500309850 /* ContentFeminismView.swift */,
				0BD6837226F2584F0062834E /* ContentBodyPositiveView.swift */,
			);
			path = Content;
			sourceTree = "<group>";
		};
		0B9F5BC626EBCEAF0098E43B /* Components Chat */ = {
			isa = PBXGroup;
			children = (
				0B9F5BC726EBCF1F0098E43B /* ChatAwnsersView.swift */,
				0B9F5BCC26EBE4220098E43B /* ChatQuestionView.swift */,
				0BDE7C7826EFCAAA0023A4B5 /* ForwardButtonView.swift */,
			);
			path = "Components Chat";
			sourceTree = "<group>";
		};
		4146A40A26E7213E0013A8A9 /* Home */ = {
			isa = PBXGroup;
			children = (
				E5A2605026E8E4CA003BADB4 /* Components */,
				4146A40826E721360013A8A9 /* HomeView.swift */,
			);
			path = Home;
			sourceTree = "<group>";
		};
		56E9234626EA8ED50043C0CC /* Stories */ = {
			isa = PBXGroup;
			children = (
				56E9234926EA90480043C0CC /* Story01 */,
			);
			path = Stories;
			sourceTree = "<group>";
		};
		56E9234926EA90480043C0CC /* Story01 */ = {
			isa = PBXGroup;
			children = (
				56E9234726EA8F5E0043C0CC /* Story01View.swift */,
				56E9234A26EB8B1D0043C0CC /* Story01_2View.swift */,
				56E9234C26EBCF660043C0CC /* Story01_3View.swift */,
			);
			path = Story01;
			sourceTree = "<group>";
		};
		9310511C26F126E800AD89E0 /* Favoritos */ = {
			isa = PBXGroup;
			children = (
				93F46C9126F262CB00F3D15B /* Componente */,
				9310512426F137F100AD89E0 /* YaysConteudoView.swift */,
			);
			path = Favoritos;
			sourceTree = "<group>";
		};
		932D3B7426EA889C00C851BC /* Challenge */ = {
			isa = PBXGroup;
			children = (
				9396ABAF26EBCBBD00075635 /* Components */,
				93F0033A26EFC5FF00E5553B /* ChallengeView.swift */,
			);
			path = Challenge;
			sourceTree = "<group>";
		};
		9396ABAF26EBCBBD00075635 /* Components */ = {
			isa = PBXGroup;
			children = (
				9396ABB226EBCC0100075635 /* ConteudoVoltarView.swift */,
				9396ABB826EBCE1400075635 /* ChallengeTextView.swift */,
				9396ABBC26EBCFB000075635 /* TextFieldView.swift */,
			);
			path = Components;
			sourceTree = "<group>";
		};
		93F46C9126F262CB00F3D15B /* Componente */ = {
			isa = PBXGroup;
			children = (
				9310512026F12E5100AD89E0 /* FavoriteView.swift */,
			);
			path = Componente;
			sourceTree = "<group>";
		};
		93F46C9226F2739C00F3D15B /* Quiz */ = {
			isa = PBXGroup;
			children = (
				93F46C9326F273AB00F3D15B /* Componentes */,
				93F46C9426F273D400F3D15B /* QuizView.swift */,
				E53BDDAB26F5766D007A4F1D /* QuizQuestionView.swift */,
			);
			path = Quiz;
			sourceTree = "<group>";
		};
		93F46C9326F273AB00F3D15B /* Componentes */ = {
			isa = PBXGroup;
			children = (
				93CD333526F28CED00FB86D0 /* ElipseQuizView.swift */,
				93CD333726F28F7C00FB86D0 /* HalfElipseQuizView.swift */,
			);
			path = Componentes;
			sourceTree = "<group>";
		};
		E52F850226E7D16300F7C8A7 /* Components */ = {
			isa = PBXGroup;
			children = (
				9396ABBA26EBCE5C00075635 /* BlackButtonView.swift */,
				E598B86326EFDBF4002C6976 /* NextRoundedButtonChat.swift */,
				E598B86426EFDBF4002C6976 /* TextFieldButtonChat.swift */,
				E52F850626E7D56800F7C8A7 /* SquaresAndLogoView.swift */,
				E52F850326E7D18000F7C8A7 /* NextRoundedButtonView.swift */,
				E52F850826E7D7BC00F7C8A7 /* ProgressionSquareView.swift */,
				E552EA8A26E7E2BC00035C4B /* TextFieldWithButtonView.swift */,
				56E9235026EFBF7B0043C0CC /* ExitButtonView.swift */,
				E524789026F3CFEC00EBBFB6 /* BottomProgressionSquareView.swift */,
			);
			path = Components;
			sourceTree = "<group>";
		};
		E543657C26E94FF4005339A7 /* ViewModels */ = {
			isa = PBXGroup;
			children = (
				E543657E26E95663005339A7 /* JourneyViewModel.swift */,
				E598B86726EFDCD7002C6976 /* UserViewModel.swift */,
				E524788426F3A93000EBBFB6 /* ChallengeViewModel.swift */,
				E524788626F3A95300EBBFB6 /* BlogViewModel.swift */,
				E524788826F3A95E00EBBFB6 /* QuizViewModel.swift */,
				E524788A26F3A96C00EBBFB6 /* DynamicResultViewModel.swift */,
				E524788C26F3A97700EBBFB6 /* StoryViewModel.swift */,
				E565DB1926F6325C000CEB9F /* QuizQuestionViewModel.swift */,
			);
			path = ViewModels;
			sourceTree = "<group>";
		};
		E543657D26E94FFC005339A7 /* Models */ = {
			isa = PBXGroup;
			children = (
				E543658226E957D5005339A7 /* JourneyModel.swift */,
				E598B86926EFE06A002C6976 /* UserModel.swift */,
				E524787A26F3A2B700EBBFB6 /* ChallengeModel.swift */,
				E524787C26F3A32600EBBFB6 /* BlogModel.swift */,
				E524787E26F3A39000EBBFB6 /* QuizModel.swift */,
				E524788026F3A3C800EBBFB6 /* DynamicResultModel.swift */,
				E524788226F3A75700EBBFB6 /* StoryModel.swift */,
			);
			path = Models;
			sourceTree = "<group>";
		};
		E54DFE9526DFF808004DAC6D = {
			isa = PBXGroup;
			children = (
				E54DFEA026DFF808004DAC6D /* onna */,
				E54DFE9F26DFF808004DAC6D /* Products */,
				E54DFEB126DFF838004DAC6D /* Frameworks */,
			);
			sourceTree = "<group>";
		};
		E54DFE9F26DFF808004DAC6D /* Products */ = {
			isa = PBXGroup;
			children = (
				E54DFE9E26DFF808004DAC6D /* onna.app */,
			);
			name = Products;
			sourceTree = "<group>";
		};
		E54DFEA026DFF808004DAC6D /* onna */ = {
			isa = PBXGroup;
			children = (
				E543657D26E94FFC005339A7 /* Models */,
				E543657C26E94FF4005339A7 /* ViewModels */,
				E5F62CBD26E191F700EEA4D6 /* Views */,
				E5E5AA1026E1535C003BFBED /* Fonts */,
				E5E5AA0D26E1452D003BFBED /* Common */,
				E54DFEB026DFF834004DAC6D /* onna.entitlements */,
				E54DFEA126DFF808004DAC6D /* onnaApp.swift */,
				E54DFEA526DFF80A004DAC6D /* Assets.xcassets */,
				E54DFEAA26DFF80A004DAC6D /* Info.plist */,
				E54DFEA726DFF80A004DAC6D /* Preview Content */,
			);
			path = onna;
			sourceTree = "<group>";
		};
		E54DFEA726DFF80A004DAC6D /* Preview Content */ = {
			isa = PBXGroup;
			children = (
				E54DFEA826DFF80A004DAC6D /* Preview Assets.xcassets */,
			);
			path = "Preview Content";
			sourceTree = "<group>";
		};
		E54DFEB126DFF838004DAC6D /* Frameworks */ = {
			isa = PBXGroup;
			children = (
				E54DFEB226DFF838004DAC6D /* CloudKit.framework */,
			);
			name = Frameworks;
			sourceTree = "<group>";
		};
		E552EA9426E818E800035C4B /* Login */ = {
			isa = PBXGroup;
			children = (
				E552EA9726E8190D00035C4B /* Components */,
				E552EA9526E8190000035C4B /* LoginView.swift */,
			);
			path = Login;
			sourceTree = "<group>";
		};
		E552EA9726E8190D00035C4B /* Components */ = {
			isa = PBXGroup;
			children = (
				E52F84FE26E7C77700F7C8A7 /* AppleLoginButtonView.swift */,
			);
			path = Components;
			sourceTree = "<group>";
		};
		E552EA9C26E82B9D00035C4B /* Navigation */ = {
			isa = PBXGroup;
			children = (
				E552EA9D26E82BAA00035C4B /* NavigationView.swift */,
			);
			path = Navigation;
			sourceTree = "<group>";
		};
		E56572A226F5207F004495F1 /* Components */ = {
			isa = PBXGroup;
			children = (
				41105E6126EA9A970037BACB /* JourneyInputView.swift */,
				418D171F26F1370700276CB6 /* InputRow.swift */,
				41105E6326EA9B790037BACB /* WallView.swift */,
				41105E6526EBCE420037BACB /* LeftStickerCell.swift */,
				41105E6826EBCEE80037BACB /* StickerCell.swift */,
			);
			path = Components;
			sourceTree = "<group>";
		};
		E5A2604A26E8E36F003BADB4 /* Profile */ = {
			isa = PBXGroup;
			children = (
				E56572A226F5207F004495F1 /* Components */,
				E5A2604C26E8E388003BADB4 /* ProfileView.swift */,
			);
			path = Profile;
			sourceTree = "<group>";
		};
		E5A2604B26E8E376003BADB4 /* Timeline */ = {
			isa = PBXGroup;
			children = (
				E5A2604E26E8E45E003BADB4 /* TimelineView.swift */,
				418D171926F11C8F00276CB6 /* Recents.swift */,
				418D171B26F1257900276CB6 /* Yours.swift */,
				418D171D26F125B400276CB6 /* Yays.swift */,
			);
			path = Timeline;
			sourceTree = "<group>";
		};
		E5A2605026E8E4CA003BADB4 /* Components */ = {
			isa = PBXGroup;
			children = (
				4146A40B26E722920013A8A9 /* StoryCellView.swift */,
			);
			path = Components;
			sourceTree = "<group>";
		};
		E5E5AA0D26E1452D003BFBED /* Common */ = {
			isa = PBXGroup;
			children = (
				E52F850226E7D16300F7C8A7 /* Components */,
				E5F62CBB26E18DE100EEA4D6 /* Extensions */,
				E5F62CB626E1898000EEA4D6 /* Enums */,
				E5E5AA0E26E1454F003BFBED /* OnnaFontSystem.swift */,
				E552EA9826E82B0D00035C4B /* ViewRouter.swift */,
			);
			path = Common;
			sourceTree = "<group>";
		};
		E5E5AA1026E1535C003BFBED /* Fonts */ = {
			isa = PBXGroup;
			children = (
				E5E5AA1326E1685B003BFBED /* chivo-bold.ttf */,
				E5E5AA1426E1685C003BFBED /* chivo-regular.ttf */,
				E5E5AA1126E1541E003BFBED /* bruno-regular.otf */,
			);
			path = Fonts;
			sourceTree = "<group>";
		};
		E5F62CB626E1898000EEA4D6 /* Enums */ = {
			isa = PBXGroup;
			children = (
				E543658026E956D1005339A7 /* UrlConfigEnum.swift */,
				E5F62CB726E1898F00EEA4D6 /* FontEnum.swift */,
				E552EA8E26E8011600035C4B /* UserDefaultsKeysEnum.swift */,
				E552EA9A26E82B3500035C4B /* PageEnum.swift */,
				E524788E26F3C34400EBBFB6 /* ContentColorEnum.swift */,
				E56572A326F53D44004495F1 /* ContentTypeEnum.swift */,
			);
			path = Enums;
			sourceTree = "<group>";
		};
		E5F62CBB26E18DE100EEA4D6 /* Extensions */ = {
			isa = PBXGroup;
			children = (
				E5F62CB926E1899900EEA4D6 /* ColorExtension.swift */,
			);
			path = Extensions;
			sourceTree = "<group>";
		};
		E5F62CBD26E191F700EEA4D6 /* Views */ = {
			isa = PBXGroup;
			children = (
				0B93583726EFDB1F00E41246 /* Content */,
				93F46C9226F2739C00F3D15B /* Quiz */,
				9310511C26F126E800AD89E0 /* Favoritos */,
				56E9234626EA8ED50043C0CC /* Stories */,
				0B3CCBE926EA92BB0066BB44 /* Chat */,
				E552EA9C26E82B9D00035C4B /* Navigation */,
				E5F62CBE26E191FF00EEA4D6 /* OnBoarding */,
				E552EA9426E818E800035C4B /* Login */,
				E5A2604B26E8E376003BADB4 /* Timeline */,
				4146A40A26E7213E0013A8A9 /* Home */,
				E5A2604A26E8E36F003BADB4 /* Profile */,
				932D3B7426EA889C00C851BC /* Challenge */,
			);
			path = Views;
			sourceTree = "<group>";
		};
		E5F62CBE26E191FF00EEA4D6 /* OnBoarding */ = {
			isa = PBXGroup;
			children = (
				E54DFEA326DFF808004DAC6D /* OnBoarding01View.swift */,
				E52F850026E7D0F400F7C8A7 /* OnBoarding02View.swift */,
				E552EA8C26E7F32100035C4B /* OnBoarding03View.swift */,
				E552EA9026E808C200035C4B /* OnBoarding04View.swift */,
				E552EA9226E80AF000035C4B /* OnBoarding05View.swift */,
			);
			path = OnBoarding;
			sourceTree = "<group>";
		};
/* End PBXGroup section */

/* Begin PBXNativeTarget section */
		E54DFE9D26DFF808004DAC6D /* onna */ = {
			isa = PBXNativeTarget;
			buildConfigurationList = E54DFEAD26DFF80A004DAC6D /* Build configuration list for PBXNativeTarget "onna" */;
			buildPhases = (
				E54DFE9A26DFF808004DAC6D /* Sources */,
				E54DFE9B26DFF808004DAC6D /* Frameworks */,
				E54DFE9C26DFF808004DAC6D /* Resources */,
			);
			buildRules = (
			);
			dependencies = (
			);
			name = onna;
			productName = onna;
			productReference = E54DFE9E26DFF808004DAC6D /* onna.app */;
			productType = "com.apple.product-type.application";
		};
/* End PBXNativeTarget section */

/* Begin PBXProject section */
		E54DFE9626DFF808004DAC6D /* Project object */ = {
			isa = PBXProject;
			attributes = {
				LastSwiftUpdateCheck = 1250;
				LastUpgradeCheck = 1250;
				TargetAttributes = {
					E54DFE9D26DFF808004DAC6D = {
						CreatedOnToolsVersion = 12.5.1;
					};
				};
			};
			buildConfigurationList = E54DFE9926DFF808004DAC6D /* Build configuration list for PBXProject "onna" */;
			compatibilityVersion = "Xcode 9.3";
			developmentRegion = en;
			hasScannedForEncodings = 0;
			knownRegions = (
				en,
				Base,
			);
			mainGroup = E54DFE9526DFF808004DAC6D;
			productRefGroup = E54DFE9F26DFF808004DAC6D /* Products */;
			projectDirPath = "";
			projectRoot = "";
			targets = (
				E54DFE9D26DFF808004DAC6D /* onna */,
			);
		};
/* End PBXProject section */

/* Begin PBXResourcesBuildPhase section */
		E54DFE9C26DFF808004DAC6D /* Resources */ = {
			isa = PBXResourcesBuildPhase;
			buildActionMask = 2147483647;
			files = (
				E5E5AA1226E1543F003BFBED /* bruno-regular.otf in Resources */,
				E5E5AA1526E16868003BFBED /* chivo-regular.ttf in Resources */,
				E54DFEA926DFF80A004DAC6D /* Preview Assets.xcassets in Resources */,
				E5E5AA1626E1686B003BFBED /* chivo-bold.ttf in Resources */,
				E54DFEA626DFF80A004DAC6D /* Assets.xcassets in Resources */,
			);
			runOnlyForDeploymentPostprocessing = 0;
		};
/* End PBXResourcesBuildPhase section */

/* Begin PBXSourcesBuildPhase section */
		E54DFE9A26DFF808004DAC6D /* Sources */ = {
			isa = PBXSourcesBuildPhase;
			buildActionMask = 2147483647;
			files = (
				E524788F26F3C34400EBBFB6 /* ContentColorEnum.swift in Sources */,
				0BC5EC4726EFE07500309850 /* ContentFeminismView.swift in Sources */,
				E552EA9326E80AF000035C4B /* OnBoarding05View.swift in Sources */,
				9310512526F137F100AD89E0 /* YaysConteudoView.swift in Sources */,
				E543657F26E95663005339A7 /* JourneyViewModel.swift in Sources */,
				E5E5AA0F26E1454F003BFBED /* OnnaFontSystem.swift in Sources */,
				93F0033B26EFC5FF00E5553B /* ChallengeView.swift in Sources */,
				9396ABB326EBCC0100075635 /* ConteudoVoltarView.swift in Sources */,
				0B9F5BCD26EBE4220098E43B /* ChatQuestionView.swift in Sources */,
				E5F62CB826E1898F00EEA4D6 /* FontEnum.swift in Sources */,
				41105E6426EA9B790037BACB /* WallView.swift in Sources */,
				E54DFEA426DFF808004DAC6D /* OnBoarding01View.swift in Sources */,
				E552EA9126E808C200035C4B /* OnBoarding04View.swift in Sources */,
				418D171E26F125B400276CB6 /* Yays.swift in Sources */,
				E524787F26F3A39000EBBFB6 /* QuizModel.swift in Sources */,
				E52F850426E7D18000F7C8A7 /* NextRoundedButtonView.swift in Sources */,
				418D172026F1370700276CB6 /* InputRow.swift in Sources */,
				418D171C26F1257900276CB6 /* Yours.swift in Sources */,
				9396ABBD26EBCFB000075635 /* TextFieldView.swift in Sources */,
				E565DB1A26F6325C000CEB9F /* QuizQuestionViewModel.swift in Sources */,
				9396ABBB26EBCE5C00075635 /* BlackButtonView.swift in Sources */,
				E543658126E956D1005339A7 /* UrlConfigEnum.swift in Sources */,
				E524787B26F3A2B700EBBFB6 /* ChallengeModel.swift in Sources */,
				E543658326E957D5005339A7 /* JourneyModel.swift in Sources */,
				E598B86526EFDBF4002C6976 /* NextRoundedButtonChat.swift in Sources */,
				9310512126F12E5100AD89E0 /* FavoriteView.swift in Sources */,
				E56572A426F53D44004495F1 /* ContentTypeEnum.swift in Sources */,
				E524787D26F3A32600EBBFB6 /* BlogModel.swift in Sources */,
				E598B86626EFDBF4002C6976 /* TextFieldButtonChat.swift in Sources */,
				56E9234826EA8F5E0043C0CC /* Story01View.swift in Sources */,
				0B3CCBF126EA933D0066BB44 /* ChatView.swift in Sources */,
				E524788D26F3A97700EBBFB6 /* StoryViewModel.swift in Sources */,
				E52F850726E7D56800F7C8A7 /* SquaresAndLogoView.swift in Sources */,
				E552EA9E26E82BAA00035C4B /* NavigationView.swift in Sources */,
				41105E6226EA9A970037BACB /* JourneyInputView.swift in Sources */,
				41105E6626EBCE430037BACB /* LeftStickerCell.swift in Sources */,
				41105E6926EBCEE80037BACB /* StickerCell.swift in Sources */,
				E552EA9B26E82B3500035C4B /* PageEnum.swift in Sources */,
				E52F850926E7D7BC00F7C8A7 /* ProgressionSquareView.swift in Sources */,
				E54DFEA226DFF808004DAC6D /* onnaApp.swift in Sources */,
				93CD333826F28F7C00FB86D0 /* HalfElipseQuizView.swift in Sources */,
				E524788126F3A3C800EBBFB6 /* DynamicResultModel.swift in Sources */,
				0B9F5BC826EBCF1F0098E43B /* ChatAwnsersView.swift in Sources */,
				4146A40926E721360013A8A9 /* HomeView.swift in Sources */,
				418D171A26F11C8F00276CB6 /* Recents.swift in Sources */,
				4146A40C26E722920013A8A9 /* StoryCellView.swift in Sources */,
				0BD6837326F2584F0062834E /* ContentBodyPositiveView.swift in Sources */,
				E552EA9926E82B0D00035C4B /* ViewRouter.swift in Sources */,
				56E9234B26EB8B1D0043C0CC /* Story01_2View.swift in Sources */,
				E5F62CBA26E1899900EEA4D6 /* ColorExtension.swift in Sources */,
				56E9234D26EBCF660043C0CC /* Story01_3View.swift in Sources */,
				E524788726F3A95300EBBFB6 /* BlogViewModel.swift in Sources */,
				E552EA9626E8190000035C4B /* LoginView.swift in Sources */,
				E53BDDAC26F5766D007A4F1D /* QuizQuestionView.swift in Sources */,
				E524788526F3A93000EBBFB6 /* ChallengeViewModel.swift in Sources */,
				E524789126F3CFEC00EBBFB6 /* BottomProgressionSquareView.swift in Sources */,
				E52F84FF26E7C77700F7C8A7 /* AppleLoginButtonView.swift in Sources */,
				93CD333626F28CED00FB86D0 /* ElipseQuizView.swift in Sources */,
				9396ABB926EBCE1400075635 /* ChallengeTextView.swift in Sources */,
				E598B86826EFDCD7002C6976 /* UserViewModel.swift in Sources */,
				E5A2604F26E8E45E003BADB4 /* TimelineView.swift in Sources */,
				E552EA8B26E7E2BC00035C4B /* TextFieldWithButtonView.swift in Sources */,
				56E9235126EFBF7B0043C0CC /* ExitButtonView.swift in Sources */,
				E552EA8D26E7F32100035C4B /* OnBoarding03View.swift in Sources */,
				E552EA8F26E8011600035C4B /* UserDefaultsKeysEnum.swift in Sources */,
				E598B86A26EFE06A002C6976 /* UserModel.swift in Sources */,
				E5A2604D26E8E388003BADB4 /* ProfileView.swift in Sources */,
				E52F850126E7D0F400F7C8A7 /* OnBoarding02View.swift in Sources */,
				E524788B26F3A96C00EBBFB6 /* DynamicResultViewModel.swift in Sources */,
				E524788326F3A75700EBBFB6 /* StoryModel.swift in Sources */,
				0BDE7C7926EFCAAA0023A4B5 /* ForwardButtonView.swift in Sources */,
				93F46C9526F273D400F3D15B /* QuizView.swift in Sources */,
				E524788926F3A95E00EBBFB6 /* QuizViewModel.swift in Sources */,
			);
			runOnlyForDeploymentPostprocessing = 0;
		};
/* End PBXSourcesBuildPhase section */

/* Begin XCBuildConfiguration section */
		E54DFEAB26DFF80A004DAC6D /* Debug */ = {
			isa = XCBuildConfiguration;
			buildSettings = {
				ALWAYS_SEARCH_USER_PATHS = NO;
				CLANG_ANALYZER_NONNULL = YES;
				CLANG_ANALYZER_NUMBER_OBJECT_CONVERSION = YES_AGGRESSIVE;
				CLANG_CXX_LANGUAGE_STANDARD = "gnu++14";
				CLANG_CXX_LIBRARY = "libc++";
				CLANG_ENABLE_MODULES = YES;
				CLANG_ENABLE_OBJC_ARC = YES;
				CLANG_ENABLE_OBJC_WEAK = YES;
				CLANG_WARN_BLOCK_CAPTURE_AUTORELEASING = YES;
				CLANG_WARN_BOOL_CONVERSION = YES;
				CLANG_WARN_COMMA = YES;
				CLANG_WARN_CONSTANT_CONVERSION = YES;
				CLANG_WARN_DEPRECATED_OBJC_IMPLEMENTATIONS = YES;
				CLANG_WARN_DIRECT_OBJC_ISA_USAGE = YES_ERROR;
				CLANG_WARN_DOCUMENTATION_COMMENTS = YES;
				CLANG_WARN_EMPTY_BODY = YES;
				CLANG_WARN_ENUM_CONVERSION = YES;
				CLANG_WARN_INFINITE_RECURSION = YES;
				CLANG_WARN_INT_CONVERSION = YES;
				CLANG_WARN_NON_LITERAL_NULL_CONVERSION = YES;
				CLANG_WARN_OBJC_IMPLICIT_RETAIN_SELF = YES;
				CLANG_WARN_OBJC_LITERAL_CONVERSION = YES;
				CLANG_WARN_OBJC_ROOT_CLASS = YES_ERROR;
				CLANG_WARN_QUOTED_INCLUDE_IN_FRAMEWORK_HEADER = YES;
				CLANG_WARN_RANGE_LOOP_ANALYSIS = YES;
				CLANG_WARN_STRICT_PROTOTYPES = YES;
				CLANG_WARN_SUSPICIOUS_MOVE = YES;
				CLANG_WARN_UNGUARDED_AVAILABILITY = YES_AGGRESSIVE;
				CLANG_WARN_UNREACHABLE_CODE = YES;
				CLANG_WARN__DUPLICATE_METHOD_MATCH = YES;
				COPY_PHASE_STRIP = NO;
				DEBUG_INFORMATION_FORMAT = dwarf;
				ENABLE_STRICT_OBJC_MSGSEND = YES;
				ENABLE_TESTABILITY = YES;
				GCC_C_LANGUAGE_STANDARD = gnu11;
				GCC_DYNAMIC_NO_PIC = NO;
				GCC_NO_COMMON_BLOCKS = YES;
				GCC_OPTIMIZATION_LEVEL = 0;
				GCC_PREPROCESSOR_DEFINITIONS = (
					"DEBUG=1",
					"$(inherited)",
				);
				GCC_WARN_64_TO_32_BIT_CONVERSION = YES;
				GCC_WARN_ABOUT_RETURN_TYPE = YES_ERROR;
				GCC_WARN_UNDECLARED_SELECTOR = YES;
				GCC_WARN_UNINITIALIZED_AUTOS = YES_AGGRESSIVE;
				GCC_WARN_UNUSED_FUNCTION = YES;
				GCC_WARN_UNUSED_VARIABLE = YES;
				IPHONEOS_DEPLOYMENT_TARGET = 14.5;
				MTL_ENABLE_DEBUG_INFO = INCLUDE_SOURCE;
				MTL_FAST_MATH = YES;
				ONLY_ACTIVE_ARCH = YES;
				SDKROOT = iphoneos;
				SWIFT_ACTIVE_COMPILATION_CONDITIONS = DEBUG;
				SWIFT_OPTIMIZATION_LEVEL = "-Onone";
			};
			name = Debug;
		};
		E54DFEAC26DFF80A004DAC6D /* Release */ = {
			isa = XCBuildConfiguration;
			buildSettings = {
				ALWAYS_SEARCH_USER_PATHS = NO;
				CLANG_ANALYZER_NONNULL = YES;
				CLANG_ANALYZER_NUMBER_OBJECT_CONVERSION = YES_AGGRESSIVE;
				CLANG_CXX_LANGUAGE_STANDARD = "gnu++14";
				CLANG_CXX_LIBRARY = "libc++";
				CLANG_ENABLE_MODULES = YES;
				CLANG_ENABLE_OBJC_ARC = YES;
				CLANG_ENABLE_OBJC_WEAK = YES;
				CLANG_WARN_BLOCK_CAPTURE_AUTORELEASING = YES;
				CLANG_WARN_BOOL_CONVERSION = YES;
				CLANG_WARN_COMMA = YES;
				CLANG_WARN_CONSTANT_CONVERSION = YES;
				CLANG_WARN_DEPRECATED_OBJC_IMPLEMENTATIONS = YES;
				CLANG_WARN_DIRECT_OBJC_ISA_USAGE = YES_ERROR;
				CLANG_WARN_DOCUMENTATION_COMMENTS = YES;
				CLANG_WARN_EMPTY_BODY = YES;
				CLANG_WARN_ENUM_CONVERSION = YES;
				CLANG_WARN_INFINITE_RECURSION = YES;
				CLANG_WARN_INT_CONVERSION = YES;
				CLANG_WARN_NON_LITERAL_NULL_CONVERSION = YES;
				CLANG_WARN_OBJC_IMPLICIT_RETAIN_SELF = YES;
				CLANG_WARN_OBJC_LITERAL_CONVERSION = YES;
				CLANG_WARN_OBJC_ROOT_CLASS = YES_ERROR;
				CLANG_WARN_QUOTED_INCLUDE_IN_FRAMEWORK_HEADER = YES;
				CLANG_WARN_RANGE_LOOP_ANALYSIS = YES;
				CLANG_WARN_STRICT_PROTOTYPES = YES;
				CLANG_WARN_SUSPICIOUS_MOVE = YES;
				CLANG_WARN_UNGUARDED_AVAILABILITY = YES_AGGRESSIVE;
				CLANG_WARN_UNREACHABLE_CODE = YES;
				CLANG_WARN__DUPLICATE_METHOD_MATCH = YES;
				COPY_PHASE_STRIP = NO;
				DEBUG_INFORMATION_FORMAT = "dwarf-with-dsym";
				ENABLE_NS_ASSERTIONS = NO;
				ENABLE_STRICT_OBJC_MSGSEND = YES;
				GCC_C_LANGUAGE_STANDARD = gnu11;
				GCC_NO_COMMON_BLOCKS = YES;
				GCC_WARN_64_TO_32_BIT_CONVERSION = YES;
				GCC_WARN_ABOUT_RETURN_TYPE = YES_ERROR;
				GCC_WARN_UNDECLARED_SELECTOR = YES;
				GCC_WARN_UNINITIALIZED_AUTOS = YES_AGGRESSIVE;
				GCC_WARN_UNUSED_FUNCTION = YES;
				GCC_WARN_UNUSED_VARIABLE = YES;
				IPHONEOS_DEPLOYMENT_TARGET = 14.5;
				MTL_ENABLE_DEBUG_INFO = NO;
				MTL_FAST_MATH = YES;
				SDKROOT = iphoneos;
				SWIFT_COMPILATION_MODE = wholemodule;
				SWIFT_OPTIMIZATION_LEVEL = "-O";
				VALIDATE_PRODUCT = YES;
			};
			name = Release;
		};
		E54DFEAE26DFF80A004DAC6D /* Debug */ = {
			isa = XCBuildConfiguration;
			buildSettings = {
				ASSETCATALOG_COMPILER_APPICON_NAME = AppIcon;
				ASSETCATALOG_COMPILER_GLOBAL_ACCENT_COLOR_NAME = AccentColor;
				CODE_SIGN_ENTITLEMENTS = onna/onna.entitlements;
				CODE_SIGN_STYLE = Automatic;
				CURRENT_PROJECT_VERSION = 2;
				DEVELOPMENT_ASSET_PATHS = "\"onna/Preview Content\"";
				DEVELOPMENT_TEAM = H7R4J57657;
				ENABLE_PREVIEWS = YES;
				INFOPLIST_FILE = onna/Info.plist;
				IPHONEOS_DEPLOYMENT_TARGET = 14.0;
				LD_RUNPATH_SEARCH_PATHS = (
					"$(inherited)",
					"@executable_path/Frameworks",
				);
				PRODUCT_BUNDLE_IDENTIFIER = com.sthefanny.onna;
				PRODUCT_NAME = "$(TARGET_NAME)";
				SWIFT_VERSION = 5.0;
				TARGETED_DEVICE_FAMILY = "1,2";
			};
			name = Debug;
		};
		E54DFEAF26DFF80A004DAC6D /* Release */ = {
			isa = XCBuildConfiguration;
			buildSettings = {
				ASSETCATALOG_COMPILER_APPICON_NAME = AppIcon;
				ASSETCATALOG_COMPILER_GLOBAL_ACCENT_COLOR_NAME = AccentColor;
				CODE_SIGN_ENTITLEMENTS = onna/onna.entitlements;
				CODE_SIGN_STYLE = Automatic;
				CURRENT_PROJECT_VERSION = 2;
				DEVELOPMENT_ASSET_PATHS = "\"onna/Preview Content\"";
				DEVELOPMENT_TEAM = H7R4J57657;
				ENABLE_PREVIEWS = YES;
				INFOPLIST_FILE = onna/Info.plist;
				IPHONEOS_DEPLOYMENT_TARGET = 14.0;
				LD_RUNPATH_SEARCH_PATHS = (
					"$(inherited)",
					"@executable_path/Frameworks",
				);
				PRODUCT_BUNDLE_IDENTIFIER = com.sthefanny.onna;
				PRODUCT_NAME = "$(TARGET_NAME)";
				SWIFT_VERSION = 5.0;
				TARGETED_DEVICE_FAMILY = "1,2";
			};
			name = Release;
		};
/* End XCBuildConfiguration section */

/* Begin XCConfigurationList section */
		E54DFE9926DFF808004DAC6D /* Build configuration list for PBXProject "onna" */ = {
			isa = XCConfigurationList;
			buildConfigurations = (
				E54DFEAB26DFF80A004DAC6D /* Debug */,
				E54DFEAC26DFF80A004DAC6D /* Release */,
			);
			defaultConfigurationIsVisible = 0;
			defaultConfigurationName = Release;
		};
		E54DFEAD26DFF80A004DAC6D /* Build configuration list for PBXNativeTarget "onna" */ = {
			isa = XCConfigurationList;
			buildConfigurations = (
				E54DFEAE26DFF80A004DAC6D /* Debug */,
				E54DFEAF26DFF80A004DAC6D /* Release */,
			);
			defaultConfigurationIsVisible = 0;
			defaultConfigurationName = Release;
		};
/* End XCConfigurationList section */
	};
	rootObject = E54DFE9626DFF808004DAC6D /* Project object */;
}
